
Microsoft Visual Studio Solution File, Format Version 12.00
# Visual Studio 15
VisualStudioVersion = 15.0.28010.2003
MinimumVisualStudioVersion = 10.0.40219.1
Project("{FAE04EC0-301F-11D3-BF4B-00C04F79EFBC}") = "CSharpDynaCard", "CSharpDynaCard\CSharpDynaCard.csproj", "{048CD695-0145-4CBE-8797-278574E00DC8}"
EndProject
Project("{8BC9CEB8-8B4A-11D0-8D11-00A0C91BC942}") = "CPlusDynaCard", "CPlusDynaCard\CPlusDynaCard.vcxproj", "{722A5E22-02FA-41E7-B015-8044527A5FEF}"
EndProject
Project("{8BC9CEB8-8B4A-11D0-8D11-00A0C91BC942}") = "CPlusDeliverable", "CPlusDeliverable\CPlusDeliverable.vcxproj", "{F353FE45-139B-4F88-B171-0BAF1A73A692}"
EndProject
Global
	GlobalSection(SolutionConfigurationPlatforms) = preSolution
		Debug|Any CPU = Debug|Any CPU
		Debug|x64 = Debug|x64
		Debug|x86 = Debug|x86
		Release|Any CPU = Release|Any CPU
		Release|x64 = Release|x64
		Release|x86 = Release|x86
	EndGlobalSection
	GlobalSection(ProjectConfigurationPlatforms) = postSolution
		{048CD695-0145-4CBE-8797-278574E00DC8}.Debug|Any CPU.ActiveCfg = Debug|Any CPU
		{048CD695-0145-4CBE-8797-278574E00DC8}.Debug|Any CPU.Build.0 = Debug|Any CPU
		{048CD695-0145-4CBE-8797-278574E00DC8}.Debug|x64.ActiveCfg = Debug|Any CPU
		{048CD695-0145-4CBE-8797-278574E00DC8}.Debug|x64.Build.0 = Debug|Any CPU
		{048CD695-0145-4CBE-8797-278574E00DC8}.Debug|x86.ActiveCfg = Debug|Any CPU
		{048CD695-0145-4CBE-8797-278574E00DC8}.Debug|x86.Build.0 = Debug|Any CPU
		{048CD695-0145-4CBE-8797-278574E00DC8}.Release|Any CPU.ActiveCfg = Release|Any CPU
		{048CD695-0145-4CBE-8797-278574E00DC8}.Release|Any CPU.Build.0 = Release|Any CPU
		{048CD695-0145-4CBE-8797-278574E00DC8}.Release|x64.ActiveCfg = Release|Any CPU
		{048CD695-0145-4CBE-8797-278574E00DC8}.Release|x64.Build.0 = Release|Any CPU
		{048CD695-0145-4CBE-8797-278574E00DC8}.Release|x86.ActiveCfg = Release|Any CPU
		{048CD695-0145-4CBE-8797-278574E00DC8}.Release|x86.Build.0 = Release|Any CPU
		{722A5E22-02FA-41E7-B015-8044527A5FEF}.Debug|Any CPU.ActiveCfg = Debug|Win32
		{722A5E22-02FA-41E7-B015-8044527A5FEF}.Debug|x64.ActiveCfg = Debug|x64
		{722A5E22-02FA-41E7-B015-8044527A5FEF}.Debug|x64.Build.0 = Debug|x64
		{722A5E22-02FA-41E7-B015-8044527A5FEF}.Debug|x86.ActiveCfg = Debug|Win32
		{722A5E22-02FA-41E7-B015-8044527A5FEF}.Debug|x86.Build.0 = Debug|Win32
		{722A5E22-02FA-41E7-B015-8044527A5FEF}.Release|Any CPU.ActiveCfg = Release|Win32
		{722A5E22-02FA-41E7-B015-8044527A5FEF}.Release|x64.ActiveCfg = Release|x64
		{722A5E22-02FA-41E7-B015-8044527A5FEF}.Release|x64.Build.0 = Release|x64
		{722A5E22-02FA-41E7-B015-8044527A5FEF}.Release|x86.ActiveCfg = Release|Win32
		{722A5E22-02FA-41E7-B015-8044527A5FEF}.Release|x86.Build.0 = Release|Win32
		{F353FE45-139B-4F88-B171-0BAF1A73A692}.Debug|Any CPU.ActiveCfg = Debug|Win32
		{F353FE45-139B-4F88-B171-0BAF1A73A692}.Debug|x64.ActiveCfg = Debug|x64
		{F353FE45-139B-4F88-B171-0BAF1A73A692}.Debug|x64.Build.0 = Debug|x64
		{F353FE45-139B-4F88-B171-0BAF1A73A692}.Debug|x86.ActiveCfg = Debug|Win32
		{F353FE45-139B-4F88-B171-0BAF1A73A692}.Debug|x86.Build.0 = Debug|Win32
		{F353FE45-139B-4F88-B171-0BAF1A73A692}.Release|Any CPU.ActiveCfg = Release|Win32
		{F353FE45-139B-4F88-B171-0BAF1A73A692}.Release|x64.ActiveCfg = Release|x64
		{F353FE45-139B-4F88-B171-0BAF1A73A692}.Release|x64.Build.0 = Release|x64
		{F353FE45-139B-4F88-B171-0BAF1A73A692}.Release|x86.ActiveCfg = Release|Win32
		{F353FE45-139B-4F88-B171-0BAF1A73A692}.Release|x86.Build.0 = Release|Win32
	EndGlobalSection
	GlobalSection(SolutionProperties) = preSolution
		HideSolutionNode = FALSE
	EndGlobalSection
	GlobalSection(ExtensibilityGlobals) = postSolution
		SolutionGuid = {561F7B33-DD03-400F-8195-35FE7F2A93B0}
	EndGlobalSection
EndGlobal
